
Microsoft Visual Studio Solution File, Format Version 12.00
# Visual Studio Version 17
VisualStudioVersion = 17.5.001.0
MinimumVisualStudioVersion = 10.0.40219.1
Project("{9A19103F-16F7-4668-BE54-9A1E7A4F7556}") = "dotnet-demoapp", "src\dotnet-demoapp.csproj", "{523F95F6-F77C-4110-9B1F-F7B789D93AEA}"
EndProject
Project("{9A19103F-16F7-4668-BE54-9A1E7A4F7556}") = "tests", "tests\tests.csproj", "{E86A9342-A225-40D9-A866-02C9D68E5CE6}"
EndProject
Global
	GlobalSection(SolutionConfigurationPlatforms) = preSolution
		Debug|Any CPU = Debug|Any CPU
		Release|Any CPU = Release|Any CPU
	EndGlobalSection
	GlobalSection(ProjectConfigurationPlatforms) = postSolution
		{523F95F6-F77C-4110-9B1F-F7B789D93AEA}.Debug|Any CPU.ActiveCfg = Debug|Any CPU
		{523F95F6-F77C-4110-9B1F-F7B789D93AEA}.Debug|Any CPU.Build.0 = Debug|Any CPU
		{523F95F6-F77C-4110-9B1F-F7B789D93AEA}.Release|Any CPU.ActiveCfg = Release|Any CPU
		{523F95F6-F77C-4110-9B1F-F7B789D93AEA}.Release|Any CPU.Build.0 = Release|Any CPU
		{E86A9342-A225-40D9-A866-02C9D68E5CE6}.Debug|Any CPU.ActiveCfg = Debug|Any CPU
		{E86A9342-A225-40D9-A866-02C9D68E5CE6}.Debug|Any CPU.Build.0 = Debug|Any CPU
		{E86A9342-A225-40D9-A866-02C9D68E5CE6}.Release|Any CPU.ActiveCfg = Release|Any CPU
		{E86A9342-A225-40D9-A866-02C9D68E5CE6}.Release|Any CPU.Build.0 = Release|Any CPU
	EndGlobalSection
	GlobalSection(SolutionProperties) = preSolution
		HideSolutionNode = FALSE
	EndGlobalSection
	GlobalSection(ExtensibilityGlobals) = postSolution
		SolutionGuid = {6832A827-4833-4AFB-93CE-2A5B35FF2D7D}
	EndGlobalSection
EndGlobal
